
Microsoft Visual Studio Solution File, Format Version 12.00
# Visual Studio 14
VisualStudioVersion = 14.0.25123.0
MinimumVisualStudioVersion = 10.0.40219.1
Project("{FAE04EC0-301F-11D3-BF4B-00C04F79EFBC}") = "PullRequestReleaseNotes", "PullRequestReleaseNotes\PullRequestReleaseNotes.csproj", "{B7A7DF45-4248-4784-8417-594F15B7484A}"
EndProject
Global
	GlobalSection(SolutionConfigurationPlatforms) = preSolution
		Debug|Any CPU = Debug|Any CPU
		Release|Any CPU = Release|Any CPU
	EndGlobalSection
	GlobalSection(ProjectConfigurationPlatforms) = postSolution
		{B7A7DF45-4248-4784-8417-594F15B7484A}.Debug|Any CPU.ActiveCfg = Debug|Any CPU
		{B7A7DF45-4248-4784-8417-594F15B7484A}.Debug|Any CPU.Build.0 = Debug|Any CPU
		{B7A7DF45-4248-4784-8417-594F15B7484A}.Release|Any CPU.ActiveCfg = Release|Any CPU
		{B7A7DF45-4248-4784-8417-594F15B7484A}.Release|Any CPU.Build.0 = Release|Any CPU
	EndGlobalSection
	GlobalSection(SolutionProperties) = preSolution
		HideSolutionNode = FALSE
	EndGlobalSection
EndGlobal
